
Microsoft Visual Studio Solution File, Format Version 12.00
# Visual Studio Version 17
VisualStudioVersion = 17.8.34525.116
MinimumVisualStudioVersion = 10.0.40219.1
Project("{FAE04EC0-301F-11D3-BF4B-00C04F79EFBC}") = "Tennis", "Tennis\Tennis.csproj", "{D2CF29FB-4536-4DF6-88A6-1ABF6FDF5284}"
EndProject
Global
	GlobalSection(SolutionConfigurationPlatforms) = preSolution
		Debug|Any CPU = Debug|Any CPU
		Release|Any CPU = Release|Any CPU
	EndGlobalSection
	GlobalSection(ProjectConfigurationPlatforms) = postSolution
		{D2CF29FB-4536-4DF6-88A6-1ABF6FDF5284}.Debug|Any CPU.ActiveCfg = Debug|Any CPU
		{D2CF29FB-4536-4DF6-88A6-1ABF6FDF5284}.Debug|Any CPU.Build.0 = Debug|Any CPU
		{D2CF29FB-4536-4DF6-88A6-1ABF6FDF5284}.Release|Any CPU.ActiveCfg = Release|Any CPU
		{D2CF29FB-4536-4DF6-88A6-1ABF6FDF5284}.Release|Any CPU.Build.0 = Release|Any CPU
	EndGlobalSection
	GlobalSection(SolutionProperties) = preSolution
		HideSolutionNode = FALSE
	EndGlobalSection
	GlobalSection(ExtensibilityGlobals) = postSolution
		SolutionGuid = {826F2FED-695D-4D63-8507-29F1852F84B1}
	EndGlobalSection
EndGlobal
